
Microsoft Visual Studio Solution File, Format Version 12.00
# Visual Studio Version 17
VisualStudioVersion = 17.11.35222.181
MinimumVisualStudioVersion = 10.0.40219.1
Project("{9A19103F-16F7-4668-BE54-9A1E7A4F7556}") = "Client.Data", "Client.Data\Client.Data.csproj", "{54188C9F-9AFB-482A-8CA7-D59A21D9E060}"
EndProject
Project("{FAE04EC0-301F-11D3-BF4B-00C04F79EFBC}") = "Client.Data.Viewer", "Client.Data.Viewer\Client.Data.Viewer.csproj", "{372FBB4A-6E61-48F4-83C1-5EA52A368704}"
EndProject
Project("{FAE04EC0-301F-11D3-BF4B-00C04F79EFBC}") = "Client.Data.UnitTests", "Client.Data.UnitTests\Client.Data.UnitTests.csproj", "{FDB5FCEA-3ED7-430F-ADBF-3293055B4167}"
EndProject
Global
	GlobalSection(SolutionConfigurationPlatforms) = preSolution
		Debug|Any CPU = Debug|Any CPU
		Debug|x64 = Debug|x64
		Debug|x86 = Debug|x86
		Release|Any CPU = Release|Any CPU
		Release|x64 = Release|x64
		Release|x86 = Release|x86
	EndGlobalSection
	GlobalSection(ProjectConfigurationPlatforms) = postSolution
		{54188C9F-9AFB-482A-8CA7-D59A21D9E060}.Debug|Any CPU.ActiveCfg = Debug|Any CPU
		{54188C9F-9AFB-482A-8CA7-D59A21D9E060}.Debug|Any CPU.Build.0 = Debug|Any CPU
		{54188C9F-9AFB-482A-8CA7-D59A21D9E060}.Debug|x64.ActiveCfg = Debug|x64
		{54188C9F-9AFB-482A-8CA7-D59A21D9E060}.Debug|x64.Build.0 = Debug|x64
		{54188C9F-9AFB-482A-8CA7-D59A21D9E060}.Debug|x86.ActiveCfg = Debug|Any CPU
		{54188C9F-9AFB-482A-8CA7-D59A21D9E060}.Debug|x86.Build.0 = Debug|Any CPU
		{54188C9F-9AFB-482A-8CA7-D59A21D9E060}.Release|Any CPU.ActiveCfg = Release|Any CPU
		{54188C9F-9AFB-482A-8CA7-D59A21D9E060}.Release|Any CPU.Build.0 = Release|Any CPU
		{54188C9F-9AFB-482A-8CA7-D59A21D9E060}.Release|x64.ActiveCfg = Release|x64
		{54188C9F-9AFB-482A-8CA7-D59A21D9E060}.Release|x64.Build.0 = Release|x64
		{54188C9F-9AFB-482A-8CA7-D59A21D9E060}.Release|x86.ActiveCfg = Release|Any CPU
		{54188C9F-9AFB-482A-8CA7-D59A21D9E060}.Release|x86.Build.0 = Release|Any CPU
		{372FBB4A-6E61-48F4-83C1-5EA52A368704}.Debug|Any CPU.ActiveCfg = Debug|Any CPU
		{372FBB4A-6E61-48F4-83C1-5EA52A368704}.Debug|Any CPU.Build.0 = Debug|Any CPU
		{372FBB4A-6E61-48F4-83C1-5EA52A368704}.Debug|x64.ActiveCfg = Debug|Any CPU
		{372FBB4A-6E61-48F4-83C1-5EA52A368704}.Debug|x64.Build.0 = Debug|Any CPU
		{372FBB4A-6E61-48F4-83C1-5EA52A368704}.Debug|x86.ActiveCfg = Debug|Any CPU
		{372FBB4A-6E61-48F4-83C1-5EA52A368704}.Debug|x86.Build.0 = Debug|Any CPU
		{372FBB4A-6E61-48F4-83C1-5EA52A368704}.Release|Any CPU.ActiveCfg = Release|Any CPU
		{372FBB4A-6E61-48F4-83C1-5EA52A368704}.Release|Any CPU.Build.0 = Release|Any CPU
		{372FBB4A-6E61-48F4-83C1-5EA52A368704}.Release|x64.ActiveCfg = Release|Any CPU
		{372FBB4A-6E61-48F4-83C1-5EA52A368704}.Release|x64.Build.0 = Release|Any CPU
		{372FBB4A-6E61-48F4-83C1-5EA52A368704}.Release|x86.ActiveCfg = Release|Any CPU
		{372FBB4A-6E61-48F4-83C1-5EA52A368704}.Release|x86.Build.0 = Release|Any CPU
		{FDB5FCEA-3ED7-430F-ADBF-3293055B4167}.Debug|Any CPU.ActiveCfg = Debug|Any CPU
		{FDB5FCEA-3ED7-430F-ADBF-3293055B4167}.Debug|Any CPU.Build.0 = Debug|Any CPU
		{FDB5FCEA-3ED7-430F-ADBF-3293055B4167}.Debug|x64.ActiveCfg = Debug|Any CPU
		{FDB5FCEA-3ED7-430F-ADBF-3293055B4167}.Debug|x64.Build.0 = Debug|Any CPU
		{FDB5FCEA-3ED7-430F-ADBF-3293055B4167}.Debug|x86.ActiveCfg = Debug|Any CPU
		{FDB5FCEA-3ED7-430F-ADBF-3293055B4167}.Debug|x86.Build.0 = Debug|Any CPU
		{FDB5FCEA-3ED7-430F-ADBF-3293055B4167}.Release|Any CPU.ActiveCfg = Release|Any CPU
		{FDB5FCEA-3ED7-430F-ADBF-3293055B4167}.Release|Any CPU.Build.0 = Release|Any CPU
		{FDB5FCEA-3ED7-430F-ADBF-3293055B4167}.Release|x64.ActiveCfg = Release|Any CPU
		{FDB5FCEA-3ED7-430F-ADBF-3293055B4167}.Release|x64.Build.0 = Release|Any CPU
		{FDB5FCEA-3ED7-430F-ADBF-3293055B4167}.Release|x86.ActiveCfg = Release|Any CPU
		{FDB5FCEA-3ED7-430F-ADBF-3293055B4167}.Release|x86.Build.0 = Release|Any CPU
	EndGlobalSection
	GlobalSection(SolutionProperties) = preSolution
		HideSolutionNode = FALSE
	EndGlobalSection
	GlobalSection(ExtensibilityGlobals) = postSolution
		SolutionGuid = {6CC2C4BB-FFAE-4C35-8900-EE28A8CDC14D}
	EndGlobalSection
EndGlobal
